github.com/BurntSushi/toml v1.4.0 h1:kuoIxZQy2WRRk1pttg9asf+WVv6tWQuBNVmK8+nqPr0=
github.com/BurntSushi/toml v1.4.0/go.mod h1:ukJfTF/6rtPPRCnwkur4qwRxa8vTRFBF0uk2lLoLwho=
github.com/justincormack/go-memfd v0.0.0-20170219213707-6e4af0518993 h1:YnMJVKw7M5rE15UsVY7w2cnxcnArci7v1g3butq0YbI=
github.com/justincormack/go-memfd v0.0.0-20170219213707-6e4af0518993/go.mod h1:VYi8SD2j14Nh9hNT7l57A00YUx/tMxY6pPA1IGljdrg=
golang.org/x/sys v0.31.0 h1:ioabZlmFYtWhL+TRYpcnNlLwhyxaM9kWTDEmfnprqik=
golang.org/x/sys v0.31.0/go.mod h1:BJP2sWEmIv4KK5OTEluFJCKSidICx8ciO85XgH3Ak8k=
